
Microsoft Visual Studio Solution File, Format Version 12.00
Project("{FAE04EC0-301F-11D3-BF4B-00C04F79EFBC}") = "Shopping-cart", "Shopping-cart\Shopping-cart.csproj", "{F08428BF-C9D8-4C85-B182-16A84E009780}"
EndProject
Project("{FAE04EC0-301F-11D3-BF4B-00C04F79EFBC}") = "Shopping-cart.Tests", "Shopping-cart.Tests\Shopping-cart.Tests.csproj", "{45715714-FA58-46EE-A7C3-CEE63DB34DAB}"
EndProject
Global
	GlobalSection(SolutionConfigurationPlatforms) = preSolution
		Debug|Any CPU = Debug|Any CPU
		Release|Any CPU = Release|Any CPU
	EndGlobalSection
	GlobalSection(ProjectConfigurationPlatforms) = postSolution
		{F08428BF-C9D8-4C85-B182-16A84E009780}.Debug|Any CPU.ActiveCfg = Debug|Any CPU
		{F08428BF-C9D8-4C85-B182-16A84E009780}.Debug|Any CPU.Build.0 = Debug|Any CPU
		{F08428BF-C9D8-4C85-B182-16A84E009780}.Release|Any CPU.ActiveCfg = Release|Any CPU
		{F08428BF-C9D8-4C85-B182-16A84E009780}.Release|Any CPU.Build.0 = Release|Any CPU
		{45715714-FA58-46EE-A7C3-CEE63DB34DAB}.Debug|Any CPU.ActiveCfg = Debug|Any CPU
		{45715714-FA58-46EE-A7C3-CEE63DB34DAB}.Debug|Any CPU.Build.0 = Debug|Any CPU
		{45715714-FA58-46EE-A7C3-CEE63DB34DAB}.Release|Any CPU.ActiveCfg = Release|Any CPU
		{45715714-FA58-46EE-A7C3-CEE63DB34DAB}.Release|Any CPU.Build.0 = Release|Any CPU
	EndGlobalSection
EndGlobal
